
Microsoft Visual Studio Solution File, Format Version 12.00
# Visual Studio Version 17
VisualStudioVersion = 17.0.31903.59
MinimumVisualStudioVersion = 10.0.40219.1
Project("{9A19103F-16F7-4668-BE54-9A1E7A4F7556}") = "ITS.DIQU.FontanaScapolan.ServerDrone.API", "ITS.DIQU.FontanaScapolan.ServerDrone.API\ITS.DIQU.FontanaScapolan.ServerDrone.API.csproj", "{030E3CCD-D50D-4F7A-A794-DC1BE835CB6E}"
	ProjectSection(ProjectDependencies) = postProject
		{A81CD861-AF41-4EE6-8290-D92625C1A544} = {A81CD861-AF41-4EE6-8290-D92625C1A544}
		{A19F86C6-6C56-4C0A-A53F-7CF73DED4670} = {A19F86C6-6C56-4C0A-A53F-7CF73DED4670}
	EndProjectSection
EndProject
Project("{FAE04EC0-301F-11D3-BF4B-00C04F79EFBC}") = "ITS.DIQU.FontanaScapolan.ServerDrone.ApplicationCore", "ITS.DIQU.FontanaScapolan.ServerDrone.ApplicationCore\ITS.DIQU.FontanaScapolan.ServerDrone.ApplicationCore.csproj", "{A81CD861-AF41-4EE6-8290-D92625C1A544}"
EndProject
Project("{FAE04EC0-301F-11D3-BF4B-00C04F79EFBC}") = "ITS.DIQU.FontanaScapolan.ServerDrone.Infrastructure", "ITS.DIQU.FontanaScapolan.ServerDrone.Infrastructure\ITS.DIQU.FontanaScapolan.ServerDrone.Infrastructure.csproj", "{A19F86C6-6C56-4C0A-A53F-7CF73DED4670}"
	ProjectSection(ProjectDependencies) = postProject
		{A81CD861-AF41-4EE6-8290-D92625C1A544} = {A81CD861-AF41-4EE6-8290-D92625C1A544}
	EndProjectSection
EndProject
Global
	GlobalSection(SolutionConfigurationPlatforms) = preSolution
		Debug|Any CPU = Debug|Any CPU
		Release|Any CPU = Release|Any CPU
	EndGlobalSection
	GlobalSection(ProjectConfigurationPlatforms) = postSolution
		{030E3CCD-D50D-4F7A-A794-DC1BE835CB6E}.Debug|Any CPU.ActiveCfg = Debug|Any CPU
		{030E3CCD-D50D-4F7A-A794-DC1BE835CB6E}.Debug|Any CPU.Build.0 = Debug|Any CPU
		{030E3CCD-D50D-4F7A-A794-DC1BE835CB6E}.Release|Any CPU.ActiveCfg = Release|Any CPU
		{030E3CCD-D50D-4F7A-A794-DC1BE835CB6E}.Release|Any CPU.Build.0 = Release|Any CPU
		{A81CD861-AF41-4EE6-8290-D92625C1A544}.Debug|Any CPU.ActiveCfg = Debug|Any CPU
		{A81CD861-AF41-4EE6-8290-D92625C1A544}.Debug|Any CPU.Build.0 = Debug|Any CPU
		{A81CD861-AF41-4EE6-8290-D92625C1A544}.Release|Any CPU.ActiveCfg = Release|Any CPU
		{A81CD861-AF41-4EE6-8290-D92625C1A544}.Release|Any CPU.Build.0 = Release|Any CPU
		{A19F86C6-6C56-4C0A-A53F-7CF73DED4670}.Debug|Any CPU.ActiveCfg = Debug|Any CPU
		{A19F86C6-6C56-4C0A-A53F-7CF73DED4670}.Debug|Any CPU.Build.0 = Debug|Any CPU
		{A19F86C6-6C56-4C0A-A53F-7CF73DED4670}.Release|Any CPU.ActiveCfg = Release|Any CPU
		{A19F86C6-6C56-4C0A-A53F-7CF73DED4670}.Release|Any CPU.Build.0 = Release|Any CPU
	EndGlobalSection
	GlobalSection(SolutionProperties) = preSolution
		HideSolutionNode = FALSE
	EndGlobalSection
	GlobalSection(ExtensibilityGlobals) = postSolution
		SolutionGuid = {CB13D930-F2D0-43C7-91D5-7A997BD74467}
	EndGlobalSection
EndGlobal
